// !$*UTF8*$!
{
	archiveVersion = 1;
	classes = {
	};
	objectVersion = 46;
	objects = {

/* Begin PBXBuildFile section */
		A87D628C19B047F200AED464 /* Foundation.framework in Frameworks */ = {isa = PBXBuildFile; fileRef = A87D628B19B047F200AED464 /* Foundation.framework */; };
		A87D628E19B047F200AED464 /* CoreGraphics.framework in Frameworks */ = {isa = PBXBuildFile; fileRef = A87D628D19B047F200AED464 /* CoreGraphics.framework */; };
		A87D629019B047F200AED464 /* UIKit.framework in Frameworks */ = {isa = PBXBuildFile; fileRef = A87D628F19B047F200AED464 /* UIKit.framework */; };
		A87D629619B047F200AED464 /* InfoPlist.strings in Resources */ = {isa = PBXBuildFile; fileRef = A87D629419B047F200AED464 /* InfoPlist.strings */; };
		A87D629819B047F200AED464 /* main.m in Sources */ = {isa = PBXBuildFile; fileRef = A87D629719B047F200AED464 /* main.m */; };
		A87D629C19B047F200AED464 /* AppDelegate.m in Sources */ = {isa = PBXBuildFile; fileRef = A87D629B19B047F200AED464 /* AppDelegate.m */; };
		A87D629F19B047F200AED464 /* Main.storyboard in Resources */ = {isa = PBXBuildFile; fileRef = A87D629D19B047F200AED464 /* Main.storyboard */; };
		A87D62A219B047F200AED464 /* ViewController.m in Sources */ = {isa = PBXBuildFile; fileRef = A87D62A119B047F200AED464 /* ViewController.m */; };
		A87D62A419B047F200AED464 /* Images.xcassets in Resources */ = {isa = PBXBuildFile; fileRef = A87D62A319B047F200AED464 /* Images.xcassets */; };
		A87D62AB19B047F200AED464 /* XCTest.framework in Frameworks */ = {isa = PBXBuildFile; fileRef = A87D62AA19B047F200AED464 /* XCTest.framework */; };
		A87D62AC19B047F200AED464 /* Foundation.framework in Frameworks */ = {isa = PBXBuildFile; fileRef = A87D628B19B047F200AED464 /* Foundation.framework */; };
		A87D62AD19B047F200AED464 /* UIKit.framework in Frameworks */ = {isa = PBXBuildFile; fileRef = A87D628F19B047F200AED464 /* UIKit.framework */; };
		A87D62B519B047F200AED464 /* InfoPlist.strings in Resources */ = {isa = PBXBuildFile; fileRef = A87D62B319B047F200AED464 /* InfoPlist.strings */; };
		A87D62B719B047F200AED464 /* sampleCalcTests.m in Sources */ = {isa = PBXBuildFile; fileRef = A87D62B619B047F200AED464 /* sampleCalcTests.m */; };
/* End PBXBuildFile section */

/* Begin PBXContainerItemProxy section */
		A87D62AE19B047F200AED464 /* PBXContainerItemProxy */ = {
			isa = PBXContainerItemProxy;
			containerPortal = A87D628019B047F200AED464 /* Project object */;
			proxyType = 1;
			remoteGlobalIDString = A87D628719B047F200AED464;
			remoteInfo = sampleCalc;
		};
/* End PBXContainerItemProxy section */

/* Begin PBXFileReference section */
		A87D628819B047F200AED464 /* sampleCalc.app */ = {isa = PBXFileReference; explicitFileType = wrapper.application; includeInIndex = 0; path = sampleCalc.app; sourceTree = BUILT_PRODUCTS_DIR; };
		A87D628B19B047F200AED464 /* Foundation.framework */ = {isa = PBXFileReference; lastKnownFileType = wrapper.framework; name = Foundation.framework; path = System/Library/Frameworks/Foundation.framework; sourceTree = SDKROOT; };
		A87D628D19B047F200AED464 /* CoreGraphics.framework */ = {isa = PBXFileReference; lastKnownFileType = wrapper.framework; name = CoreGraphics.framework; path = System/Library/Frameworks/CoreGraphics.framework; sourceTree = SDKROOT; };
		A87D628F19B047F200AED464 /* UIKit.framework */ = {isa = PBXFileReference; lastKnownFileType = wrapper.framework; name = UIKit.framework; path = System/Library/Frameworks/UIKit.framework; sourceTree = SDKROOT; };
		A87D629319B047F200AED464 /* sampleCalc-Info.plist */ = {isa = PBXFileReference; lastKnownFileType = text.plist.xml; path = "sampleCalc-Info.plist"; sourceTree = "<group>"; };
		A87D629519B047F200AED464 /* en */ = {isa = PBXFileReference; lastKnownFileType = text.plist.strings; name = en; path = en.lproj/InfoPlist.strings; sourceTree = "<group>"; };
		A87D629719B047F200AED464 /* main.m */ = {isa = PBXFileReference; lastKnownFileType = sourcecode.c.objc; path = main.m; sourceTree = "<group>"; };
		A87D629919B047F200AED464 /* sampleCalc-Prefix.pch */ = {isa = PBXFileReference; lastKnownFileType = sourcecode.c.h; path = "sampleCalc-Prefix.pch"; sourceTree = "<group>"; };
		A87D629A19B047F200AED464 /* AppDelegate.h */ = {isa = PBXFileReference; lastKnownFileType = sourcecode.c.h; path = AppDelegate.h; sourceTree = "<group>"; };
		A87D629B19B047F200AED464 /* AppDelegate.m */ = {isa = PBXFileReference; lastKnownFileType = sourcecode.c.objc; path = AppDelegate.m; sourceTree = "<group>"; };
		A87D629E19B047F200AED464 /* Base */ = {isa = PBXFileReference; lastKnownFileType = file.storyboard; name = Base; path = Base.lproj/Main.storyboard; sourceTree = "<group>"; };
		A87D62A019B047F200AED464 /* ViewController.h */ = {isa = PBXFileReference; lastKnownFileType = sourcecode.c.h; path = ViewController.h; sourceTree = "<group>"; };
		A87D62A119B047F200AED464 /* ViewController.m */ = {isa = PBXFileReference; lastKnownFileType = sourcecode.c.objc; path = ViewController.m; sourceTree = "<group>"; };
		A87D62A319B047F200AED464 /* Images.xcassets */ = {isa = PBXFileReference; lastKnownFileType = folder.assetcatalog; path = Images.xcassets; sourceTree = "<group>"; };
		A87D62A919B047F200AED464 /* sampleCalcTests.xctest */ = {isa = PBXFileReference; explicitFileType = wrapper.cfbundle; includeInIndex = 0; path = sampleCalcTests.xctest; sourceTree = BUILT_PRODUCTS_DIR; };
		A87D62AA19B047F200AED464 /* XCTest.framework */ = {isa = PBXFileReference; lastKnownFileType = wrapper.framework; name = XCTest.framework; path = Library/Frameworks/XCTest.framework; sourceTree = DEVELOPER_DIR; };
		A87D62B219B047F200AED464 /* sampleCalcTests-Info.plist */ = {isa = PBXFileReference; lastKnownFileType = text.plist.xml; path = "sampleCalcTests-Info.plist"; sourceTree = "<group>"; };
		A87D62B419B047F200AED464 /* en */ = {isa = PBXFileReference; lastKnownFileType = text.plist.strings; name = en; path = en.lproj/InfoPlist.strings; sourceTree = "<group>"; };
		A87D62B619B047F200AED464 /* sampleCalcTests.m */ = {isa = PBXFileReference; lastKnownFileType = sourcecode.c.objc; path = sampleCalcTests.m; sourceTree = "<group>"; };
/* End PBXFileReference section */

/* Begin PBXFrameworksBuildPhase section */
		A87D628519B047F200AED464 /* Frameworks */ = {
			isa = PBXFrameworksBuildPhase;
			buildActionMask = 2147483647;
			files = (
				A87D628E19B047F200AED464 /* CoreGraphics.framework in Frameworks */,
				A87D629019B047F200AED464 /* UIKit.framework in Frameworks */,
				A87D628C19B047F200AED464 /* Foundation.framework in Frameworks */,
			);
			runOnlyForDeploymentPostprocessing = 0;
		};
		A87D62A619B047F200AED464 /* Frameworks */ = {
			isa = PBXFrameworksBuildPhase;
			buildActionMask = 2147483647;
			files = (
				A87D62AB19B047F200AED464 /* XCTest.framework in Frameworks */,
				A87D62AD19B047F200AED464 /* UIKit.framework in Frameworks */,
				A87D62AC19B047F200AED464 /* Foundation.framework in Frameworks */,
			);
			runOnlyForDeploymentPostprocessing = 0;
		};
/* End PBXFrameworksBuildPhase section */

/* Begin PBXGroup section */
		A87D627F19B047F200AED464 = {
			isa = PBXGroup;
			children = (
				A87D629119B047F200AED464 /* sampleCalc */,
				A87D62B019B047F200AED464 /* sampleCalcTests */,
				A87D628A19B047F200AED464 /* Frameworks */,
				A87D628919B047F200AED464 /* Products */,
			);
			sourceTree = "<group>";
		};
		A87D628919B047F200AED464 /* Products */ = {
			isa = PBXGroup;
			children = (
				A87D628819B047F200AED464 /* sampleCalc.app */,
				A87D62A919B047F200AED464 /* sampleCalcTests.xctest */,
			);
			name = Products;
			sourceTree = "<group>";
		};
		A87D628A19B047F200AED464 /* Frameworks */ = {
			isa = PBXGroup;
			children = (
				A87D628B19B047F200AED464 /* Foundation.framework */,
				A87D628D19B047F200AED464 /* CoreGraphics.framework */,
				A87D628F19B047F200AED464 /* UIKit.framework */,
				A87D62AA19B047F200AED464 /* XCTest.framework */,
			);
			name = Frameworks;
			sourceTree = "<group>";
		};
		A87D629119B047F200AED464 /* sampleCalc */ = {
			isa = PBXGroup;
			children = (
				A87D629A19B047F200AED464 /* AppDelegate.h */,
				A87D629B19B047F200AED464 /* AppDelegate.m */,
				A87D629D19B047F200AED464 /* Main.storyboard */,
				A87D62A019B047F200AED464 /* ViewController.h */,
				A87D62A119B047F200AED464 /* ViewController.m */,
				A87D62A319B047F200AED464 /* Images.xcassets */,
				A87D629219B047F200AED464 /* Supporting Files */,
			);
			path = sampleCalc;
			sourceTree = "<group>";
		};
		A87D629219B047F200AED464 /* Supporting Files */ = {
			isa = PBXGroup;
			children = (
				A87D629319B047F200AED464 /* sampleCalc-Info.plist */,
				A87D629419B047F200AED464 /* InfoPlist.strings */,
				A87D629719B047F200AED464 /* main.m */,
				A87D629919B047F200AED464 /* sampleCalc-Prefix.pch */,
			);
			name = "Supporting Files";
			sourceTree = "<group>";
		};
		A87D62B019B047F200AED464 /* sampleCalcTests */ = {
			isa = PBXGroup;
			children = (
				A87D62B619B047F200AED464 /* sampleCalcTests.m */,
				A87D62B119B047F200AED464 /* Supporting Files */,
			);
			path = sampleCalcTests;
			sourceTree = "<group>";
		};
		A87D62B119B047F200AED464 /* Supporting Files */ = {
			isa = PBXGroup;
			children = (
				A87D62B219B047F200AED464 /* sampleCalcTests-Info.plist */,
				A87D62B319B047F200AED464 /* InfoPlist.strings */,
			);
			name = "Supporting Files";
			sourceTree = "<group>";
		};
/* End PBXGroup section */

/* Begin PBXNativeTarget section */
		A87D628719B047F200AED464 /* sampleCalc */ = {
			isa = PBXNativeTarget;
			buildConfigurationList = A87D62BA19B047F200AED464 /* Build configuration list for PBXNativeTarget "sampleCalc" */;
			buildPhases = (
				A87D628419B047F200AED464 /* Sources */,
				A87D628519B047F200AED464 /* Frameworks */,
				A87D628619B047F200AED464 /* Resources */,
			);
			buildRules = (
			);
			dependencies = (
			);
			name = sampleCalc;
			productName = sampleCalc;
			productReference = A87D628819B047F200AED464 /* sampleCalc.app */;
			productType = "com.apple.product-type.application";
		};
		A87D62A819B047F200AED464 /* sampleCalcTests */ = {
			isa = PBXNativeTarget;
			buildConfigurationList = A87D62BD19B047F200AED464 /* Build configuration list for PBXNativeTarget "sampleCalcTests" */;
			buildPhases = (
				A87D62A519B047F200AED464 /* Sources */,
				A87D62A619B047F200AED464 /* Frameworks */,
				A87D62A719B047F200AED464 /* Resources */,
			);
			buildRules = (
			);
			dependencies = (
				A87D62AF19B047F200AED464 /* PBXTargetDependency */,
			);
			name = sampleCalcTests;
			productName = sampleCalcTests;
			productReference = A87D62A919B047F200AED464 /* sampleCalcTests.xctest */;
			productType = "com.apple.product-type.bundle.unit-test";
		};
/* End PBXNativeTarget section */

/* Begin PBXProject section */
		A87D628019B047F200AED464 /* Project object */ = {
			isa = PBXProject;
			attributes = {
				LastUpgradeCheck = 0510;
				ORGANIZATIONNAME = Hayashidesu;
				TargetAttributes = {
					A87D62A819B047F200AED464 = {
						TestTargetID = A87D628719B047F200AED464;
					};
				};
			};
			buildConfigurationList = A87D628319B047F200AED464 /* Build configuration list for PBXProject "sampleCalc" */;
			compatibilityVersion = "Xcode 3.2";
			developmentRegion = English;
			hasScannedForEncodings = 0;
			knownRegions = (
				en,
				Base,
			);
			mainGroup = A87D627F19B047F200AED464;
			productRefGroup = A87D628919B047F200AED464 /* Products */;
			projectDirPath = "";
			projectRoot = "";
			targets = (
				A87D628719B047F200AED464 /* sampleCalc */,
				A87D62A819B047F200AED464 /* sampleCalcTests */,
			);
		};
/* End PBXProject section */

/* Begin PBXResourcesBuildPhase section */
		A87D628619B047F200AED464 /* Resources */ = {
			isa = PBXResourcesBuildPhase;
			buildActionMask = 2147483647;
			files = (
				A87D62A419B047F200AED464 /* Images.xcassets in Resources */,
				A87D629619B047F200AED464 /* InfoPlist.strings in Resources */,
				A87D629F19B047F200AED464 /* Main.storyboard in Resources */,
			);
			runOnlyForDeploymentPostprocessing = 0;
		};
		A87D62A719B047F200AED464 /* Resources */ = {
			isa = PBXResourcesBuildPhase;
			buildActionMask = 2147483647;
			files = (
				A87D62B519B047F200AED464 /* InfoPlist.strings in Resources */,
			);
			runOnlyForDeploymentPostprocessing = 0;
		};
/* End PBXResourcesBuildPhase section */

/* Begin PBXSourcesBuildPhase section */
		A87D628419B047F200AED464 /* Sources */ = {
			isa = PBXSourcesBuildPhase;
			buildActionMask = 2147483647;
			files = (
				A87D62A219B047F200AED464 /* ViewController.m in Sources */,
				A87D629C19B047F200AED464 /* AppDelegate.m in Sources */,
				A87D629819B047F200AED464 /* main.m in Sources */,
			);
			runOnlyForDeploymentPostprocessing = 0;
		};
		A87D62A519B047F200AED464 /* Sources */ = {
			isa = PBXSourcesBuildPhase;
			buildActionMask = 2147483647;
			files = (
				A87D62B719B047F200AED464 /* sampleCalcTests.m in Sources */,
			);
			runOnlyForDeploymentPostprocessing = 0;
		};
/* End PBXSourcesBuildPhase section */

/* Begin PBXTargetDependency section */
		A87D62AF19B047F200AED464 /* PBXTargetDependency */ = {
			isa = PBXTargetDependency;
			target = A87D628719B047F200AED464 /* sampleCalc */;
			targetProxy = A87D62AE19B047F200AED464 /* PBXContainerItemProxy */;
		};
/* End PBXTargetDependency section */

/* Begin PBXVariantGroup section */
		A87D629419B047F200AED464 /* InfoPlist.strings */ = {
			isa = PBXVariantGroup;
			children = (
				A87D629519B047F200AED464 /* en */,
			);
			name = InfoPlist.strings;
			sourceTree = "<group>";
		};
		A87D629D19B047F200AED464 /* Main.storyboard */ = {
			isa = PBXVariantGroup;
			children = (
				A87D629E19B047F200AED464 /* Base */,
			);
			name = Main.storyboard;
			sourceTree = "<group>";
		};
		A87D62B319B047F200AED464 /* InfoPlist.strings */ = {
			isa = PBXVariantGroup;
			children = (
				A87D62B419B047F200AED464 /* en */,
			);
			name = InfoPlist.strings;
			sourceTree = "<group>";
		};
/* End PBXVariantGroup section */

/* Begin XCBuildConfiguration section */
		A87D62B819B047F200AED464 /* Debug */ = {
			isa = XCBuildConfiguration;
			buildSettings = {
				ALWAYS_SEARCH_USER_PATHS = NO;
				CLANG_CXX_LANGUAGE_STANDARD = "gnu++0x";
				CLANG_CXX_LIBRARY = "libc++";
				CLANG_ENABLE_MODULES = YES;
				CLANG_ENABLE_OBJC_ARC = YES;
				CLANG_WARN_BOOL_CONVERSION = YES;
				CLANG_WARN_CONSTANT_CONVERSION = YES;
				CLANG_WARN_DIRECT_OBJC_ISA_USAGE = YES_ERROR;
				CLANG_WARN_EMPTY_BODY = YES;
				CLANG_WARN_ENUM_CONVERSION = YES;
				CLANG_WARN_INT_CONVERSION = YES;
				CLANG_WARN_OBJC_ROOT_CLASS = YES_ERROR;
				CLANG_WARN__DUPLICATE_METHOD_MATCH = YES;
				"CODE_SIGN_IDENTITY[sdk=iphoneos*]" = "iPhone Developer";
				COPY_PHASE_STRIP = NO;
				GCC_C_LANGUAGE_STANDARD = gnu99;
				GCC_DYNAMIC_NO_PIC = NO;
				GCC_OPTIMIZATION_LEVEL = 0;
				GCC_PREPROCESSOR_DEFINITIONS = (
					"DEBUG=1",
					"$(inherited)",
				);
				GCC_SYMBOLS_PRIVATE_EXTERN = NO;
				GCC_WARN_64_TO_32_BIT_CONVERSION = YES;
				GCC_WARN_ABOUT_RETURN_TYPE = YES_ERROR;
				GCC_WARN_UNDECLARED_SELECTOR = YES;
				GCC_WARN_UNINITIALIZED_AUTOS = YES_AGGRESSIVE;
				GCC_WARN_UNUSED_FUNCTION = YES;
				GCC_WARN_UNUSED_VARIABLE = YES;
				IPHONEOS_DEPLOYMENT_TARGET = 7.1;
				ONLY_ACTIVE_ARCH = YES;
				SDKROOT = iphoneos;
			};
			name = Debug;
		};
		A87D62B919B047F200AED464 /* Release */ = {
			isa = XCBuildConfiguration;
			buildSettings = {
				ALWAYS_SEARCH_USER_PATHS = NO;
				CLANG_CXX_LANGUAGE_STANDARD = "gnu++0x";
				CLANG_CXX_LIBRARY = "libc++";
				CLANG_ENABLE_MODULES = YES;
				CLANG_ENABLE_OBJC_ARC = YES;
				CLANG_WARN_BOOL_CONVERSION = YES;
				CLANG_WARN_CONSTANT_CONVERSION = YES;
				CLANG_WARN_DIRECT_OBJC_ISA_USAGE = YES_ERROR;
				CLANG_WARN_EMPTY_BODY = YES;
				CLANG_WARN_ENUM_CONVERSION = YES;
				CLANG_WARN_INT_CONVERSION = YES;
				CLANG_WARN_OBJC_ROOT_CLASS = YES_ERROR;
				CLANG_WARN__DUPLICATE_METHOD_MATCH = YES;
				"CODE_SIGN_IDENTITY[sdk=iphoneos*]" = "iPhone Developer";
				COPY_PHASE_STRIP = YES;
				ENABLE_NS_ASSERTIONS = NO;
				GCC_C_LANGUAGE_STANDARD = gnu99;
				GCC_WARN_64_TO_32_BIT_CONVERSION = YES;
				GCC_WARN_ABOUT_RETURN_TYPE = YES_ERROR;
				GCC_WARN_UNDECLARED_SELECTOR = YES;
				GCC_WARN_UNINITIALIZED_AUTOS = YES_AGGRESSIVE;
				GCC_WARN_UNUSED_FUNCTION = YES;
				GCC_WARN_UNUSED_VARIABLE = YES;
				IPHONEOS_DEPLOYMENT_TARGET = 7.1;
				SDKROOT = iphoneos;
				VALIDATE_PRODUCT = YES;
			};
			name = Release;
		};
		A87D62BB19B047F200AED464 /* Debug */ = {
			isa = XCBuildConfiguration;
			buildSettings = {
				ASSETCATALOG_COMPILER_APPICON_NAME = AppIcon;
				ASSETCATALOG_COMPILER_LAUNCHIMAGE_NAME = LaunchImage;
				GCC_PRECOMPILE_PREFIX_HEADER = YES;
				GCC_PREFIX_HEADER = "sampleCalc/sampleCalc-Prefix.pch";
				INFOPLIST_FILE = "sampleCalc/sampleCalc-Info.plist";
				PRODUCT_NAME = "$(TARGET_NAME)";
				WRAPPER_EXTENSION = app;
			};
			name = Debug;
		};
		A87D62BC19B047F200AED464 /* Release */ = {
			isa = XCBuildConfiguration;
			buildSettings = {
				ASSETCATALOG_COMPILER_APPICON_NAME = AppIcon;
				ASSETCATALOG_COMPILER_LAUNCHIMAGE_NAME = LaunchImage;
				GCC_PRECOMPILE_PREFIX_HEADER = YES;
				GCC_PREFIX_HEADER = "sampleCalc/sampleCalc-Prefix.pch";
				INFOPLIST_FILE = "sampleCalc/sampleCalc-Info.plist";
				PRODUCT_NAME = "$(TARGET_NAME)";
				WRAPPER_EXTENSION = app;
			};
			name = Release;
		};
		A87D62BE19B047F200AED464 /* Debug */ = {
			isa = XCBuildConfiguration;
			buildSettings = {
				BUNDLE_LOADER = "$(BUILT_PRODUCTS_DIR)/sampleCalc.app/sampleCalc";
				FRAMEWORK_SEARCH_PATHS = (
					"$(SDKROOT)/Developer/Library/Frameworks",
					"$(inherited)",
					"$(DEVELOPER_FRAMEWORKS_DIR)",
				);
				GCC_PRECOMPILE_PREFIX_HEADER = YES;
				GCC_PREFIX_HEADER = "sampleCalc/sampleCalc-Prefix.pch";
				GCC_PREPROCESSOR_DEFINITIONS = (
					"DEBUG=1",
					"$(inherited)",
				);
				INFOPLIST_FILE = "sampleCalcTests/sampleCalcTests-Info.plist";
				PRODUCT_NAME = "$(TARGET_NAME)";
				TEST_HOST = "$(BUNDLE_LOADER)";
				WRAPPER_EXTENSION = xctest;
			};
			name = Debug;
		};
		A87D62BF19B047F200AED464 /* Release */ = {
			isa = XCBuildConfiguration;
			buildSettings = {
				BUNDLE_LOADER = "$(BUILT_PRODUCTS_DIR)/sampleCalc.app/sampleCalc";
				FRAMEWORK_SEARCH_PATHS = (
					"$(SDKROOT)/Developer/Library/Frameworks",
					"$(inherited)",
					"$(DEVELOPER_FRAMEWORKS_DIR)",
				);
				GCC_PRECOMPILE_PREFIX_HEADER = YES;
				GCC_PREFIX_HEADER = "sampleCalc/sampleCalc-Prefix.pch";
				INFOPLIST_FILE = "sampleCalcTests/sampleCalcTests-Info.plist";
				PRODUCT_NAME = "$(TARGET_NAME)";
				TEST_HOST = "$(BUNDLE_LOADER)";
				WRAPPER_EXTENSION = xctest;
			};
			name = Release;
		};
/* End XCBuildConfiguration section */

/* Begin XCConfigurationList section */
		A87D628319B047F200AED464 /* Build configuration list for PBXProject "sampleCalc" */ = {
			isa = XCConfigurationList;
			buildConfigurations = (
				A87D62B819B047F200AED464 /* Debug */,
				A87D62B919B047F200AED464 /* Release */,
			);
			defaultConfigurationIsVisible = 0;
			defaultConfigurationName = Release;
		};
		A87D62BA19B047F200AED464 /* Build configuration list for PBXNativeTarget "sampleCalc" */ = {
			isa = XCConfigurationList;
			buildConfigurations = (
				A87D62BB19B047F200AED464 /* Debug */,
				A87D62BC19B047F200AED464 /* Release */,
			);
			defaultConfigurationIsVisible = 0;
		};
		A87D62BD19B047F200AED464 /* Build configuration list for PBXNativeTarget "sampleCalcTests" */ = {
			isa = XCConfigurationList;
			buildConfigurations = (
				A87D62BE19B047F200AED464 /* Debug */,
				A87D62BF19B047F200AED464 /* Release */,
			);
			defaultConfigurationIsVisible = 0;
		};
/* End XCConfigurationList section */
	};
	rootObject = A87D628019B047F200AED464 /* Project object */;
}
